{
    "name": "@suemor/tools",
    "version": "1.0.0",
    "lockfileVersion": 2,
    "requires": true,
    "packages": {
        "": {
            "name": "@suemor/tools",
            "version": "1.0.0",
            "license": "ISC",
            "dependencies": {
                "@suemor/tools": "^1.0.0"
            }
        },
        "node_modules/@suemor/tools": {
            "version": "1.0.0",
            "resolved": "https://registry.npmjs.org/@suemor/tools/-/tools-1.0.0.tgz",
            "integrity": "sha512-9p4gF0G6fKFBwK1f3bs3FlEXVgUpyyXNuNqPZOxqyPxWWf1koRSnR/y1Oqnw3mD/CF+8yrfmhOd9wkhRRyuf0g=="
        }
    },
    "dependencies": {
        "@suemor/tools": {
            "version": "1.0.0",
            "resolved": "https://registry.npmjs.org/@suemor/tools/-/tools-1.0.0.tgz",
            "integrity": "sha512-9p4gF0G6fKFBwK1f3bs3FlEXVgUpyyXNuNqPZOxqyPxWWf1koRSnR/y1Oqnw3mD/CF+8yrfmhOd9wkhRRyuf0g=="
        }
    }
}
